// !$*UTF8*$!
{
	archiveVersion = 1;
	classes = {
	};
	objectVersion = 46;
	objects = {

/* Begin PBXBuildFile section */
		6361EE441C3AB3CE008AEC7E /* TableViewController.swift in Sources */ = {isa = PBXBuildFile; fileRef = 6361EE431C3AB3CE008AEC7E /* TableViewController.swift */; };
		636222441BF82374008D470C /* AppDelegate.swift in Sources */ = {isa = PBXBuildFile; fileRef = 636222431BF82374008D470C /* AppDelegate.swift */; };
		636222461BF82374008D470C /* ViewController.swift in Sources */ = {isa = PBXBuildFile; fileRef = 636222451BF82374008D470C /* ViewController.swift */; };
		636222491BF82374008D470C /* Main.storyboard in Resources */ = {isa = PBXBuildFile; fileRef = 636222471BF82374008D470C /* Main.storyboard */; };
		6362224B1BF82374008D470C /* Images.xcassets in Resources */ = {isa = PBXBuildFile; fileRef = 6362224A1BF82374008D470C /* Images.xcassets */; };
		6362224E1BF82374008D470C /* LaunchScreen.xib in Resources */ = {isa = PBXBuildFile; fileRef = 6362224C1BF82374008D470C /* LaunchScreen.xib */; };
		6362225A1BF82374008D470C /* colorConvertTests.swift in Sources */ = {isa = PBXBuildFile; fileRef = 636222591BF82374008D470C /* colorConvertTests.swift */; };
/* End PBXBuildFile section */

/* Begin PBXContainerItemProxy section */
		636222541BF82374008D470C /* PBXContainerItemProxy */ = {
			isa = PBXContainerItemProxy;
			containerPortal = 636222361BF82374008D470C /* Project object */;
			proxyType = 1;
			remoteGlobalIDString = 6362223D1BF82374008D470C;
			remoteInfo = colorConvert;
		};
/* End PBXContainerItemProxy section */

/* Begin PBXFileReference section */
		6361EE431C3AB3CE008AEC7E /* TableViewController.swift */ = {isa = PBXFileReference; fileEncoding = 4; lastKnownFileType = sourcecode.swift; path = TableViewController.swift; sourceTree = "<group>"; };
		6362223E1BF82374008D470C /* colorConvert.app */ = {isa = PBXFileReference; explicitFileType = wrapper.application; includeInIndex = 0; path = colorConvert.app; sourceTree = BUILT_PRODUCTS_DIR; };
		636222421BF82374008D470C /* Info.plist */ = {isa = PBXFileReference; lastKnownFileType = text.plist.xml; path = Info.plist; sourceTree = "<group>"; };
		636222431BF82374008D470C /* AppDelegate.swift */ = {isa = PBXFileReference; lastKnownFileType = sourcecode.swift; path = AppDelegate.swift; sourceTree = "<group>"; };
		636222451BF82374008D470C /* ViewController.swift */ = {isa = PBXFileReference; lastKnownFileType = sourcecode.swift; path = ViewController.swift; sourceTree = "<group>"; };
		636222481BF82374008D470C /* Base */ = {isa = PBXFileReference; lastKnownFileType = file.storyboard; name = Base; path = Base.lproj/Main.storyboard; sourceTree = "<group>"; };
		6362224A1BF82374008D470C /* Images.xcassets */ = {isa = PBXFileReference; lastKnownFileType = folder.assetcatalog; path = Images.xcassets; sourceTree = "<group>"; };
		6362224D1BF82374008D470C /* Base */ = {isa = PBXFileReference; lastKnownFileType = file.xib; name = Base; path = Base.lproj/LaunchScreen.xib; sourceTree = "<group>"; };
		636222531BF82374008D470C /* colorConvertTests.xctest */ = {isa = PBXFileReference; explicitFileType = wrapper.cfbundle; includeInIndex = 0; path = colorConvertTests.xctest; sourceTree = BUILT_PRODUCTS_DIR; };
		636222581BF82374008D470C /* Info.plist */ = {isa = PBXFileReference; lastKnownFileType = text.plist.xml; path = Info.plist; sourceTree = "<group>"; };
		636222591BF82374008D470C /* colorConvertTests.swift */ = {isa = PBXFileReference; lastKnownFileType = sourcecode.swift; path = colorConvertTests.swift; sourceTree = "<group>"; };
/* End PBXFileReference section */

/* Begin PBXFrameworksBuildPhase section */
		6362223B1BF82374008D470C /* Frameworks */ = {
			isa = PBXFrameworksBuildPhase;
			buildActionMask = 2147483647;
			files = (
			);
			runOnlyForDeploymentPostprocessing = 0;
		};
		636222501BF82374008D470C /* Frameworks */ = {
			isa = PBXFrameworksBuildPhase;
			buildActionMask = 2147483647;
			files = (
			);
			runOnlyForDeploymentPostprocessing = 0;
		};
/* End PBXFrameworksBuildPhase section */

/* Begin PBXGroup section */
		636222351BF82374008D470C = {
			isa = PBXGroup;
			children = (
				636222401BF82374008D470C /* colorConvert */,
				636222561BF82374008D470C /* colorConvertTests */,
				6362223F1BF82374008D470C /* Products */,
			);
			sourceTree = "<group>";
		};
		6362223F1BF82374008D470C /* Products */ = {
			isa = PBXGroup;
			children = (
				6362223E1BF82374008D470C /* colorConvert.app */,
				636222531BF82374008D470C /* colorConvertTests.xctest */,
			);
			name = Products;
			sourceTree = "<group>";
		};
		636222401BF82374008D470C /* colorConvert */ = {
			isa = PBXGroup;
			children = (
				636222431BF82374008D470C /* AppDelegate.swift */,
				636222451BF82374008D470C /* ViewController.swift */,
				6361EE431C3AB3CE008AEC7E /* TableViewController.swift */,
				636222471BF82374008D470C /* Main.storyboard */,
				6362224A1BF82374008D470C /* Images.xcassets */,
				6362224C1BF82374008D470C /* LaunchScreen.xib */,
				636222411BF82374008D470C /* Supporting Files */,
			);
			path = colorConvert;
			sourceTree = "<group>";
		};
		636222411BF82374008D470C /* Supporting Files */ = {
			isa = PBXGroup;
			children = (
				636222421BF82374008D470C /* Info.plist */,
			);
			name = "Supporting Files";
			sourceTree = "<group>";
		};
		636222561BF82374008D470C /* colorConvertTests */ = {
			isa = PBXGroup;
			children = (
				636222591BF82374008D470C /* colorConvertTests.swift */,
				636222571BF82374008D470C /* Supporting Files */,
			);
			path = colorConvertTests;
			sourceTree = "<group>";
		};
		636222571BF82374008D470C /* Supporting Files */ = {
			isa = PBXGroup;
			children = (
				636222581BF82374008D470C /* Info.plist */,
			);
			name = "Supporting Files";
			sourceTree = "<group>";
		};
/* End PBXGroup section */

/* Begin PBXNativeTarget section */
		6362223D1BF82374008D470C /* colorConvert */ = {
			isa = PBXNativeTarget;
			buildConfigurationList = 6362225D1BF82374008D470C /* Build configuration list for PBXNativeTarget "colorConvert" */;
			buildPhases = (
				6362223A1BF82374008D470C /* Sources */,
				6362223B1BF82374008D470C /* Frameworks */,
				6362223C1BF82374008D470C /* Resources */,
			);
			buildRules = (
			);
			dependencies = (
			);
			name = colorConvert;
			productName = colorConvert;
			productReference = 6362223E1BF82374008D470C /* colorConvert.app */;
			productType = "com.apple.product-type.application";
		};
		636222521BF82374008D470C /* colorConvertTests */ = {
			isa = PBXNativeTarget;
			buildConfigurationList = 636222601BF82374008D470C /* Build configuration list for PBXNativeTarget "colorConvertTests" */;
			buildPhases = (
				6362224F1BF82374008D470C /* Sources */,
				636222501BF82374008D470C /* Frameworks */,
				636222511BF82374008D470C /* Resources */,
			);
			buildRules = (
			);
			dependencies = (
				636222551BF82374008D470C /* PBXTargetDependency */,
			);
			name = colorConvertTests;
			productName = colorConvertTests;
			productReference = 636222531BF82374008D470C /* colorConvertTests.xctest */;
			productType = "com.apple.product-type.bundle.unit-test";
		};
/* End PBXNativeTarget section */

/* Begin PBXProject section */
		636222361BF82374008D470C /* Project object */ = {
			isa = PBXProject;
			attributes = {
				LastUpgradeCheck = 0640;
				ORGANIZATIONNAME = David;
				TargetAttributes = {
					6362223D1BF82374008D470C = {
						CreatedOnToolsVersion = 6.4;
					};
					636222521BF82374008D470C = {
						CreatedOnToolsVersion = 6.4;
						TestTargetID = 6362223D1BF82374008D470C;
					};
				};
			};
			buildConfigurationList = 636222391BF82374008D470C /* Build configuration list for PBXProject "colorConvert" */;
			compatibilityVersion = "Xcode 3.2";
			developmentRegion = English;
			hasScannedForEncodings = 0;
			knownRegions = (
				en,
				Base,
			);
			mainGroup = 636222351BF82374008D470C;
			productRefGroup = 6362223F1BF82374008D470C /* Products */;
			projectDirPath = "";
			projectRoot = "";
			targets = (
				6362223D1BF82374008D470C /* colorConvert */,
				636222521BF82374008D470C /* colorConvertTests */,
			);
		};
/* End PBXProject section */

/* Begin PBXResourcesBuildPhase section */
		6362223C1BF82374008D470C /* Resources */ = {
			isa = PBXResourcesBuildPhase;
			buildActionMask = 2147483647;
			files = (
				636222491BF82374008D470C /* Main.storyboard in Resources */,
				6362224E1BF82374008D470C /* LaunchScreen.xib in Resources */,
				6362224B1BF82374008D470C /* Images.xcassets in Resources */,
			);
			runOnlyForDeploymentPostprocessing = 0;
		};
		636222511BF82374008D470C /* Resources */ = {
			isa = PBXResourcesBuildPhase;
			buildActionMask = 2147483647;
			files = (
			);
			runOnlyForDeploymentPostprocessing = 0;
		};
/* End PBXResourcesBuildPhase section */

/* Begin PBXSourcesBuildPhase section */
		6362223A1BF82374008D470C /* Sources */ = {
			isa = PBXSourcesBuildPhase;
			buildActionMask = 2147483647;
			files = (
				636222461BF82374008D470C /* ViewController.swift in Sources */,
				6361EE441C3AB3CE008AEC7E /* TableViewController.swift in Sources */,
				636222441BF82374008D470C /* AppDelegate.swift in Sources */,
			);
			runOnlyForDeploymentPostprocessing = 0;
		};
		6362224F1BF82374008D470C /* Sources */ = {
			isa = PBXSourcesBuildPhase;
			buildActionMask = 2147483647;
			files = (
				6362225A1BF82374008D470C /* colorConvertTests.swift in Sources */,
			);
			runOnlyForDeploymentPostprocessing = 0;
		};
/* End PBXSourcesBuildPhase section */

/* Begin PBXTargetDependency section */
		636222551BF82374008D470C /* PBXTargetDependency */ = {
			isa = PBXTargetDependency;
			target = 6362223D1BF82374008D470C /* colorConvert */;
			targetProxy = 636222541BF82374008D470C /* PBXContainerItemProxy */;
		};
/* End PBXTargetDependency section */

/* Begin PBXVariantGroup section */
		636222471BF82374008D470C /* Main.storyboard */ = {
			isa = PBXVariantGroup;
			children = (
				636222481BF82374008D470C /* Base */,
			);
			name = Main.storyboard;
			sourceTree = "<group>";
		};
		6362224C1BF82374008D470C /* LaunchScreen.xib */ = {
			isa = PBXVariantGroup;
			children = (
				6362224D1BF82374008D470C /* Base */,
			);
			name = LaunchScreen.xib;
			sourceTree = "<group>";
		};
/* End PBXVariantGroup section */

/* Begin XCBuildConfiguration section */
		6362225B1BF82374008D470C /* Debug */ = {
			isa = XCBuildConfiguration;
			buildSettings = {
				ALWAYS_SEARCH_USER_PATHS = NO;
				CLANG_CXX_LANGUAGE_STANDARD = "gnu++0x";
				CLANG_CXX_LIBRARY = "libc++";
				CLANG_ENABLE_MODULES = YES;
				CLANG_ENABLE_OBJC_ARC = YES;
				CLANG_WARN_BOOL_CONVERSION = YES;
				CLANG_WARN_CONSTANT_CONVERSION = YES;
				CLANG_WARN_DIRECT_OBJC_ISA_USAGE = YES_ERROR;
				CLANG_WARN_EMPTY_BODY = YES;
				CLANG_WARN_ENUM_CONVERSION = YES;
				CLANG_WARN_INT_CONVERSION = YES;
				CLANG_WARN_OBJC_ROOT_CLASS = YES_ERROR;
				CLANG_WARN_UNREACHABLE_CODE = YES;
				CLANG_WARN__DUPLICATE_METHOD_MATCH = YES;
				"CODE_SIGN_IDENTITY[sdk=iphoneos*]" = "iPhone Developer";
				COPY_PHASE_STRIP = NO;
				DEBUG_INFORMATION_FORMAT = "dwarf-with-dsym";
				ENABLE_STRICT_OBJC_MSGSEND = YES;
				GCC_C_LANGUAGE_STANDARD = gnu99;
				GCC_DYNAMIC_NO_PIC = NO;
				GCC_NO_COMMON_BLOCKS = YES;
				GCC_OPTIMIZATION_LEVEL = 0;
				GCC_PREPROCESSOR_DEFINITIONS = (
					"DEBUG=1",
					"$(inherited)",
				);
				GCC_SYMBOLS_PRIVATE_EXTERN = NO;
				GCC_WARN_64_TO_32_BIT_CONVERSION = YES;
				GCC_WARN_ABOUT_RETURN_TYPE = YES_ERROR;
				GCC_WARN_UNDECLARED_SELECTOR = YES;
				GCC_WARN_UNINITIALIZED_AUTOS = YES_AGGRESSIVE;
				GCC_WARN_UNUSED_FUNCTION = YES;
				GCC_WARN_UNUSED_VARIABLE = YES;
				IPHONEOS_DEPLOYMENT_TARGET = 8.4;
				MTL_ENABLE_DEBUG_INFO = YES;
				ONLY_ACTIVE_ARCH = YES;
				SDKROOT = iphoneos;
				SWIFT_OPTIMIZATION_LEVEL = "-Onone";
				TARGETED_DEVICE_FAMILY = "1,2";
			};
			name = Debug;
		};
		6362225C1BF82374008D470C /* Release */ = {
			isa = XCBuildConfiguration;
			buildSettings = {
				ALWAYS_SEARCH_USER_PATHS = NO;
				CLANG_CXX_LANGUAGE_STANDARD = "gnu++0x";
				CLANG_CXX_LIBRARY = "libc++";
				CLANG_ENABLE_MODULES = YES;
				CLANG_ENABLE_OBJC_ARC = YES;
				CLANG_WARN_BOOL_CONVERSION = YES;
				CLANG_WARN_CONSTANT_CONVERSION = YES;
				CLANG_WARN_DIRECT_OBJC_ISA_USAGE = YES_ERROR;
				CLANG_WARN_EMPTY_BODY = YES;
				CLANG_WARN_ENUM_CONVERSION = YES;
				CLANG_WARN_INT_CONVERSION = YES;
				CLANG_WARN_OBJC_ROOT_CLASS = YES_ERROR;
				CLANG_WARN_UNREACHABLE_CODE = YES;
				CLANG_WARN__DUPLICATE_METHOD_MATCH = YES;
				"CODE_SIGN_IDENTITY[sdk=iphoneos*]" = "iPhone Developer";
				COPY_PHASE_STRIP = NO;
				DEBUG_INFORMATION_FORMAT = "dwarf-with-dsym";
				ENABLE_NS_ASSERTIONS = NO;
				ENABLE_STRICT_OBJC_MSGSEND = YES;
				GCC_C_LANGUAGE_STANDARD = gnu99;
				GCC_NO_COMMON_BLOCKS = YES;
				GCC_WARN_64_TO_32_BIT_CONVERSION = YES;
				GCC_WARN_ABOUT_RETURN_TYPE = YES_ERROR;
				GCC_WARN_UNDECLARED_SELECTOR = YES;
				GCC_WARN_UNINITIALIZED_AUTOS = YES_AGGRESSIVE;
				GCC_WARN_UNUSED_FUNCTION = YES;
				GCC_WARN_UNUSED_VARIABLE = YES;
				IPHONEOS_DEPLOYMENT_TARGET = 8.4;
				MTL_ENABLE_DEBUG_INFO = NO;
				SDKROOT = iphoneos;
				TARGETED_DEVICE_FAMILY = "1,2";
				VALIDATE_PRODUCT = YES;
			};
			name = Release;
		};
		6362225E1BF82374008D470C /* Debug */ = {
			isa = XCBuildConfiguration;
			buildSettings = {
				ASSETCATALOG_COMPILER_APPICON_NAME = AppIcon;
				ASSETCATALOG_COMPILER_LAUNCHIMAGE_NAME = LaunchImage;
				"CODE_SIGN_IDENTITY[sdk=iphoneos*]" = "";
				INFOPLIST_FILE = colorConvert/Info.plist;
				IPHONEOS_DEPLOYMENT_TARGET = 7.0;
				LD_RUNPATH_SEARCH_PATHS = "$(inherited) @executable_path/Frameworks";
				PRODUCT_NAME = "$(TARGET_NAME)";
			};
			name = Debug;
		};
		6362225F1BF82374008D470C /* Release */ = {
			isa = XCBuildConfiguration;
			buildSettings = {
				ASSETCATALOG_COMPILER_APPICON_NAME = AppIcon;
				ASSETCATALOG_COMPILER_LAUNCHIMAGE_NAME = LaunchImage;
				"CODE_SIGN_IDENTITY[sdk=iphoneos*]" = "";
				INFOPLIST_FILE = colorConvert/Info.plist;
				IPHONEOS_DEPLOYMENT_TARGET = 7.0;
				LD_RUNPATH_SEARCH_PATHS = "$(inherited) @executable_path/Frameworks";
				PRODUCT_NAME = "$(TARGET_NAME)";
			};
			name = Release;
		};
		636222611BF82374008D470C /* Debug */ = {
			isa = XCBuildConfiguration;
			buildSettings = {
				BUNDLE_LOADER = "$(TEST_HOST)";
				FRAMEWORK_SEARCH_PATHS = (
					"$(SDKROOT)/Developer/Library/Frameworks",
					"$(inherited)",
				);
				GCC_PREPROCESSOR_DEFINITIONS = (
					"DEBUG=1",
					"$(inherited)",
				);
				INFOPLIST_FILE = colorConvertTests/Info.plist;
				LD_RUNPATH_SEARCH_PATHS = "$(inherited) @executable_path/Frameworks @loader_path/Frameworks";
				PRODUCT_NAME = "$(TARGET_NAME)";
				TEST_HOST = "$(BUILT_PRODUCTS_DIR)/colorConvert.app/colorConvert";
			};
			name = Debug;
		};
		636222621BF82374008D470C /* Release */ = {
			isa = XCBuildConfiguration;
			buildSettings = {
				BUNDLE_LOADER = "$(TEST_HOST)";
				FRAMEWORK_SEARCH_PATHS = (
					"$(SDKROOT)/Developer/Library/Frameworks",
					"$(inherited)",
				);
				INFOPLIST_FILE = colorConvertTests/Info.plist;
				LD_RUNPATH_SEARCH_PATHS = "$(inherited) @executable_path/Frameworks @loader_path/Frameworks";
				PRODUCT_NAME = "$(TARGET_NAME)";
				TEST_HOST = "$(BUILT_PRODUCTS_DIR)/colorConvert.app/colorConvert";
			};
			name = Release;
		};
/* End XCBuildConfiguration section */

/* Begin XCConfigurationList section */
		636222391BF82374008D470C /* Build configuration list for PBXProject "colorConvert" */ = {
			isa = XCConfigurationList;
			buildConfigurations = (
				6362225B1BF82374008D470C /* Debug */,
				6362225C1BF82374008D470C /* Release */,
			);
			defaultConfigurationIsVisible = 0;
			defaultConfigurationName = Release;
		};
		6362225D1BF82374008D470C /* Build configuration list for PBXNativeTarget "colorConvert" */ = {
			isa = XCConfigurationList;
			buildConfigurations = (
				6362225E1BF82374008D470C /* Debug */,
				6362225F1BF82374008D470C /* Release */,
			);
			defaultConfigurationIsVisible = 0;
			defaultConfigurationName = Release;
		};
		636222601BF82374008D470C /* Build configuration list for PBXNativeTarget "colorConvertTests" */ = {
			isa = XCConfigurationList;
			buildConfigurations = (
				636222611BF82374008D470C /* Debug */,
				636222621BF82374008D470C /* Release */,
			);
			defaultConfigurationIsVisible = 0;
			defaultConfigurationName = Release;
		};
/* End XCConfigurationList section */
	};
	rootObject = 636222361BF82374008D470C /* Project object */;
}
